// !$*UTF8*$!
{
	archiveVersion = 1;
	classes = {
	};
	objectVersion = 48;
	objects = {

/* Begin PBXBuildFile section */
		78274C082063D71E00C7740D /* LeftMenuTableCell.swift in Sources */ = {isa = PBXBuildFile; fileRef = 78274C072063D71E00C7740D /* LeftMenuTableCell.swift */; };
		78274C0A2064967600C7740D /* DataStore.swift in Sources */ = {isa = PBXBuildFile; fileRef = 78274C092064967600C7740D /* DataStore.swift */; };
		78864A222062E49800BDC7E7 /* AppDelegate.swift in Sources */ = {isa = PBXBuildFile; fileRef = 78864A212062E49800BDC7E7 /* AppDelegate.swift */; };
		78864A242062E49800BDC7E7 /* ViewController.swift in Sources */ = {isa = PBXBuildFile; fileRef = 78864A232062E49800BDC7E7 /* ViewController.swift */; };
		78864A272062E49800BDC7E7 /* Main.storyboard in Resources */ = {isa = PBXBuildFile; fileRef = 78864A252062E49800BDC7E7 /* Main.storyboard */; };
		78864A292062E49800BDC7E7 /* Assets.xcassets in Resources */ = {isa = PBXBuildFile; fileRef = 78864A282062E49800BDC7E7 /* Assets.xcassets */; };
		78864A2C2062E49800BDC7E7 /* LaunchScreen.storyboard in Resources */ = {isa = PBXBuildFile; fileRef = 78864A2A2062E49800BDC7E7 /* LaunchScreen.storyboard */; };
		78864A342062FF3D00BDC7E7 /* LeftViewController.swift in Sources */ = {isa = PBXBuildFile; fileRef = 78864A332062FF3D00BDC7E7 /* LeftViewController.swift */; };
		F8F8A66D176196175401BD8C /* Pods_ParkStash_Coding_Challenge.framework in Frameworks */ = {isa = PBXBuildFile; fileRef = 90024A04C76FA5912E593805 /* Pods_ParkStash_Coding_Challenge.framework */; };
/* End PBXBuildFile section */

/* Begin PBXFileReference section */
		78274C072063D71E00C7740D /* LeftMenuTableCell.swift */ = {isa = PBXFileReference; lastKnownFileType = sourcecode.swift; path = LeftMenuTableCell.swift; sourceTree = "<group>"; };
		78274C092064967600C7740D /* DataStore.swift */ = {isa = PBXFileReference; lastKnownFileType = sourcecode.swift; path = DataStore.swift; sourceTree = "<group>"; };
		78864A1E2062E49800BDC7E7 /* ParkStash Coding Challenge.app */ = {isa = PBXFileReference; explicitFileType = wrapper.application; includeInIndex = 0; path = "ParkStash Coding Challenge.app"; sourceTree = BUILT_PRODUCTS_DIR; };
		78864A212062E49800BDC7E7 /* AppDelegate.swift */ = {isa = PBXFileReference; lastKnownFileType = sourcecode.swift; path = AppDelegate.swift; sourceTree = "<group>"; };
		78864A232062E49800BDC7E7 /* ViewController.swift */ = {isa = PBXFileReference; lastKnownFileType = sourcecode.swift; path = ViewController.swift; sourceTree = "<group>"; };
		78864A262062E49800BDC7E7 /* Base */ = {isa = PBXFileReference; lastKnownFileType = file.storyboard; name = Base; path = Base.lproj/Main.storyboard; sourceTree = "<group>"; };
		78864A282062E49800BDC7E7 /* Assets.xcassets */ = {isa = PBXFileReference; lastKnownFileType = folder.assetcatalog; path = Assets.xcassets; sourceTree = "<group>"; };
		78864A2B2062E49800BDC7E7 /* Base */ = {isa = PBXFileReference; lastKnownFileType = file.storyboard; name = Base; path = Base.lproj/LaunchScreen.storyboard; sourceTree = "<group>"; };
		78864A2D2062E49800BDC7E7 /* Info.plist */ = {isa = PBXFileReference; lastKnownFileType = text.plist.xml; path = Info.plist; sourceTree = "<group>"; };
		78864A332062FF3D00BDC7E7 /* LeftViewController.swift */ = {isa = PBXFileReference; lastKnownFileType = sourcecode.swift; path = LeftViewController.swift; sourceTree = "<group>"; };
		90024A04C76FA5912E593805 /* Pods_ParkStash_Coding_Challenge.framework */ = {isa = PBXFileReference; explicitFileType = wrapper.framework; includeInIndex = 0; path = Pods_ParkStash_Coding_Challenge.framework; sourceTree = BUILT_PRODUCTS_DIR; };
		9E5DEBD3E43C76E145D12679 /* Pods-ParkStash Coding Challenge.release.xcconfig */ = {isa = PBXFileReference; includeInIndex = 1; lastKnownFileType = text.xcconfig; name = "Pods-ParkStash Coding Challenge.release.xcconfig"; path = "Pods/Target Support Files/Pods-ParkStash Coding Challenge/Pods-ParkStash Coding Challenge.release.xcconfig"; sourceTree = "<group>"; };
		B3D2D7AF5B4D5C97865CF5C0 /* Pods-ParkStash Coding Challenge.debug.xcconfig */ = {isa = PBXFileReference; includeInIndex = 1; lastKnownFileType = text.xcconfig; name = "Pods-ParkStash Coding Challenge.debug.xcconfig"; path = "Pods/Target Support Files/Pods-ParkStash Coding Challenge/Pods-ParkStash Coding Challenge.debug.xcconfig"; sourceTree = "<group>"; };
/* End PBXFileReference section */

/* Begin PBXFrameworksBuildPhase section */
		78864A1B2062E49800BDC7E7 /* Frameworks */ = {
			isa = PBXFrameworksBuildPhase;
			buildActionMask = 2147483647;
			files = (
				F8F8A66D176196175401BD8C /* Pods_ParkStash_Coding_Challenge.framework in Frameworks */,
			);
			runOnlyForDeploymentPostprocessing = 0;
		};
/* End PBXFrameworksBuildPhase section */

/* Begin PBXGroup section */
		78864A152062E49800BDC7E7 = {
			isa = PBXGroup;
			children = (
				78864A202062E49800BDC7E7 /* ParkStash Coding Challenge */,
				78864A1F2062E49800BDC7E7 /* Products */,
				E64055E1AC406FCC425FC70F /* Pods */,
				79097CD431D46ECF38D97E95 /* Frameworks */,
			);
			sourceTree = "<group>";
		};
		78864A1F2062E49800BDC7E7 /* Products */ = {
			isa = PBXGroup;
			children = (
				78864A1E2062E49800BDC7E7 /* ParkStash Coding Challenge.app */,
			);
			name = Products;
			sourceTree = "<group>";
		};
		78864A202062E49800BDC7E7 /* ParkStash Coding Challenge */ = {
			isa = PBXGroup;
			children = (
				78864A212062E49800BDC7E7 /* AppDelegate.swift */,
				78274C092064967600C7740D /* DataStore.swift */,
				78864A232062E49800BDC7E7 /* ViewController.swift */,
				78864A252062E49800BDC7E7 /* Main.storyboard */,
				78864A282062E49800BDC7E7 /* Assets.xcassets */,
				78864A2A2062E49800BDC7E7 /* LaunchScreen.storyboard */,
				78864A2D2062E49800BDC7E7 /* Info.plist */,
				78864A332062FF3D00BDC7E7 /* LeftViewController.swift */,
				78274C072063D71E00C7740D /* LeftMenuTableCell.swift */,
			);
			path = "ParkStash Coding Challenge";
			sourceTree = "<group>";
		};
		79097CD431D46ECF38D97E95 /* Frameworks */ = {
			isa = PBXGroup;
			children = (
				90024A04C76FA5912E593805 /* Pods_ParkStash_Coding_Challenge.framework */,
			);
			name = Frameworks;
			sourceTree = "<group>";
		};
		E64055E1AC406FCC425FC70F /* Pods */ = {
			isa = PBXGroup;
			children = (
				B3D2D7AF5B4D5C97865CF5C0 /* Pods-ParkStash Coding Challenge.debug.xcconfig */,
				9E5DEBD3E43C76E145D12679 /* Pods-ParkStash Coding Challenge.release.xcconfig */,
			);
			name = Pods;
			sourceTree = "<group>";
		};
/* End PBXGroup section */

/* Begin PBXNativeTarget section */
		78864A1D2062E49800BDC7E7 /* ParkStash Coding Challenge */ = {
			isa = PBXNativeTarget;
			buildConfigurationList = 78864A302062E49800BDC7E7 /* Build configuration list for PBXNativeTarget "ParkStash Coding Challenge" */;
			buildPhases = (
				C051CBDCC2BC566910C956AB /* [CP] Check Pods Manifest.lock */,
				78864A1A2062E49800BDC7E7 /* Sources */,
				78864A1B2062E49800BDC7E7 /* Frameworks */,
				78864A1C2062E49800BDC7E7 /* Resources */,
				21E72301D8D6B9CDAD7350AD /* [CP] Embed Pods Frameworks */,
				F9DB0A782FBC6EDEDCDE0325 /* [CP] Copy Pods Resources */,
			);
			buildRules = (
			);
			dependencies = (
			);
			name = "ParkStash Coding Challenge";
			productName = "ParkStash Coding Challenge";
			productReference = 78864A1E2062E49800BDC7E7 /* ParkStash Coding Challenge.app */;
			productType = "com.apple.product-type.application";
		};
/* End PBXNativeTarget section */

/* Begin PBXProject section */
		78864A162062E49800BDC7E7 /* Project object */ = {
			isa = PBXProject;
			attributes = {
				LastSwiftUpdateCheck = 0920;
				LastUpgradeCheck = 0920;
				ORGANIZATIONNAME = "Shreyas Zagade";
				TargetAttributes = {
					78864A1D2062E49800BDC7E7 = {
						CreatedOnToolsVersion = 9.2;
						ProvisioningStyle = Automatic;
					};
				};
			};
			buildConfigurationList = 78864A192062E49800BDC7E7 /* Build configuration list for PBXProject "ParkStash Coding Challenge" */;
			compatibilityVersion = "Xcode 8.0";
			developmentRegion = en;
			hasScannedForEncodings = 0;
			knownRegions = (
				en,
				Base,
			);
			mainGroup = 78864A152062E49800BDC7E7;
			productRefGroup = 78864A1F2062E49800BDC7E7 /* Products */;
			projectDirPath = "";
			projectRoot = "";
			targets = (
				78864A1D2062E49800BDC7E7 /* ParkStash Coding Challenge */,
			);
		};
/* End PBXProject section */

/* Begin PBXResourcesBuildPhase section */
		78864A1C2062E49800BDC7E7 /* Resources */ = {
			isa = PBXResourcesBuildPhase;
			buildActionMask = 2147483647;
			files = (
				78864A2C2062E49800BDC7E7 /* LaunchScreen.storyboard in Resources */,
				78864A292062E49800BDC7E7 /* Assets.xcassets in Resources */,
				78864A272062E49800BDC7E7 /* Main.storyboard in Resources */,
			);
			runOnlyForDeploymentPostprocessing = 0;
		};
/* End PBXResourcesBuildPhase section */

/* Begin PBXShellScriptBuildPhase section */
		21E72301D8D6B9CDAD7350AD /* [CP] Embed Pods Frameworks */ = {
			isa = PBXShellScriptBuildPhase;
			buildActionMask = 2147483647;
			files = (
			);
			inputPaths = (
				"${SRCROOT}/Pods/Target Support Files/Pods-ParkStash Coding Challenge/Pods-ParkStash Coding Challenge-frameworks.sh",
				"${BUILT_PRODUCTS_DIR}/Locksmith/Locksmith.framework",
				"${BUILT_PRODUCTS_DIR}/SideMenu/SideMenu.framework",
			);
			name = "[CP] Embed Pods Frameworks";
			outputPaths = (
				"${TARGET_BUILD_DIR}/${FRAMEWORKS_FOLDER_PATH}/Locksmith.framework",
				"${TARGET_BUILD_DIR}/${FRAMEWORKS_FOLDER_PATH}/SideMenu.framework",
			);
			runOnlyForDeploymentPostprocessing = 0;
			shellPath = /bin/sh;
			shellScript = "\"${SRCROOT}/Pods/Target Support Files/Pods-ParkStash Coding Challenge/Pods-ParkStash Coding Challenge-frameworks.sh\"\n";
			showEnvVarsInLog = 0;
		};
		C051CBDCC2BC566910C956AB /* [CP] Check Pods Manifest.lock */ = {
			isa = PBXShellScriptBuildPhase;
			buildActionMask = 2147483647;
			files = (
			);
			inputPaths = (
				"${PODS_PODFILE_DIR_PATH}/Podfile.lock",
				"${PODS_ROOT}/Manifest.lock",
			);
			name = "[CP] Check Pods Manifest.lock";
			outputPaths = (
				"$(DERIVED_FILE_DIR)/Pods-ParkStash Coding Challenge-checkManifestLockResult.txt",
			);
			runOnlyForDeploymentPostprocessing = 0;
			shellPath = /bin/sh;
			shellScript = "diff \"${PODS_PODFILE_DIR_PATH}/Podfile.lock\" \"${PODS_ROOT}/Manifest.lock\" > /dev/null\nif [ $? != 0 ] ; then\n    # print error to STDERR\n    echo \"error: The sandbox is not in sync with the Podfile.lock. Run 'pod install' or update your CocoaPods installation.\" >&2\n    exit 1\nfi\n# This output is used by Xcode 'outputs' to avoid re-running this script phase.\necho \"SUCCESS\" > \"${SCRIPT_OUTPUT_FILE_0}\"\n";
			showEnvVarsInLog = 0;
		};
		F9DB0A782FBC6EDEDCDE0325 /* [CP] Copy Pods Resources */ = {
			isa = PBXShellScriptBuildPhase;
			buildActionMask = 2147483647;
			files = (
			);
			inputPaths = (
				"${SRCROOT}/Pods/Target Support Files/Pods-ParkStash Coding Challenge/Pods-ParkStash Coding Challenge-resources.sh",
				"${PODS_ROOT}/GoogleMaps/Maps/Frameworks/GoogleMaps.framework/Resources/GoogleMaps.bundle",
				"${PODS_ROOT}/GooglePlacePicker/Frameworks/GooglePlacePicker.framework/Resources/GooglePlacePicker.bundle",
				"${PODS_ROOT}/GooglePlaces/Frameworks/GooglePlaces.framework/Resources/GooglePlaces.bundle",
			);
			name = "[CP] Copy Pods Resources";
			outputPaths = (
				"${TARGET_BUILD_DIR}/${UNLOCALIZED_RESOURCES_FOLDER_PATH}",
			);
			runOnlyForDeploymentPostprocessing = 0;
			shellPath = /bin/sh;
			shellScript = "\"${SRCROOT}/Pods/Target Support Files/Pods-ParkStash Coding Challenge/Pods-ParkStash Coding Challenge-resources.sh\"\n";
			showEnvVarsInLog = 0;
		};
/* End PBXShellScriptBuildPhase section */

/* Begin PBXSourcesBuildPhase section */
		78864A1A2062E49800BDC7E7 /* Sources */ = {
			isa = PBXSourcesBuildPhase;
			buildActionMask = 2147483647;
			files = (
				78864A342062FF3D00BDC7E7 /* LeftViewController.swift in Sources */,
				78864A242062E49800BDC7E7 /* ViewController.swift in Sources */,
				78274C082063D71E00C7740D /* LeftMenuTableCell.swift in Sources */,
				78274C0A2064967600C7740D /* DataStore.swift in Sources */,
				78864A222062E49800BDC7E7 /* AppDelegate.swift in Sources */,
			);
			runOnlyForDeploymentPostprocessing = 0;
		};
/* End PBXSourcesBuildPhase section */

/* Begin PBXVariantGroup section */
		78864A252062E49800BDC7E7 /* Main.storyboard */ = {
			isa = PBXVariantGroup;
			children = (
				78864A262062E49800BDC7E7 /* Base */,
			);
			name = Main.storyboard;
			sourceTree = "<group>";
		};
		78864A2A2062E49800BDC7E7 /* LaunchScreen.storyboard */ = {
			isa = PBXVariantGroup;
			children = (
				78864A2B2062E49800BDC7E7 /* Base */,
			);
			name = LaunchScreen.storyboard;
			sourceTree = "<group>";
		};
/* End PBXVariantGroup section */

/* Begin XCBuildConfiguration section */
		78864A2E2062E49800BDC7E7 /* Debug */ = {
			isa = XCBuildConfiguration;
			buildSettings = {
				ALWAYS_SEARCH_USER_PATHS = NO;
				CLANG_ANALYZER_NONNULL = YES;
				CLANG_ANALYZER_NUMBER_OBJECT_CONVERSION = YES_AGGRESSIVE;
				CLANG_CXX_LANGUAGE_STANDARD = "gnu++14";
				CLANG_CXX_LIBRARY = "libc++";
				CLANG_ENABLE_MODULES = YES;
				CLANG_ENABLE_OBJC_ARC = YES;
				CLANG_WARN_BLOCK_CAPTURE_AUTORELEASING = YES;
				CLANG_WARN_BOOL_CONVERSION = YES;
				CLANG_WARN_COMMA = YES;
				CLANG_WARN_CONSTANT_CONVERSION = YES;
				CLANG_WARN_DIRECT_OBJC_ISA_USAGE = YES_ERROR;
				CLANG_WARN_DOCUMENTATION_COMMENTS = YES;
				CLANG_WARN_EMPTY_BODY = YES;
				CLANG_WARN_ENUM_CONVERSION = YES;
				CLANG_WARN_INFINITE_RECURSION = YES;
				CLANG_WARN_INT_CONVERSION = YES;
				CLANG_WARN_NON_LITERAL_NULL_CONVERSION = YES;
				CLANG_WARN_OBJC_LITERAL_CONVERSION = YES;
				CLANG_WARN_OBJC_ROOT_CLASS = YES_ERROR;
				CLANG_WARN_RANGE_LOOP_ANALYSIS = YES;
				CLANG_WARN_STRICT_PROTOTYPES = YES;
				CLANG_WARN_SUSPICIOUS_MOVE = YES;
				CLANG_WARN_UNGUARDED_AVAILABILITY = YES_AGGRESSIVE;
				CLANG_WARN_UNREACHABLE_CODE = YES;
				CLANG_WARN__DUPLICATE_METHOD_MATCH = YES;
				CODE_SIGN_IDENTITY = "iPhone Developer";
				COPY_PHASE_STRIP = NO;
				DEBUG_INFORMATION_FORMAT = dwarf;
				ENABLE_STRICT_OBJC_MSGSEND = YES;
				ENABLE_TESTABILITY = YES;
				GCC_C_LANGUAGE_STANDARD = gnu11;
				GCC_DYNAMIC_NO_PIC = NO;
				GCC_NO_COMMON_BLOCKS = YES;
				GCC_OPTIMIZATION_LEVEL = 0;
				GCC_PREPROCESSOR_DEFINITIONS = (
					"DEBUG=1",
					"$(inherited)",
				);
				GCC_WARN_64_TO_32_BIT_CONVERSION = YES;
				GCC_WARN_ABOUT_RETURN_TYPE = YES_ERROR;
				GCC_WARN_UNDECLARED_SELECTOR = YES;
				GCC_WARN_UNINITIALIZED_AUTOS = YES_AGGRESSIVE;
				GCC_WARN_UNUSED_FUNCTION = YES;
				GCC_WARN_UNUSED_VARIABLE = YES;
				IPHONEOS_DEPLOYMENT_TARGET = 11.2;
				MTL_ENABLE_DEBUG_INFO = YES;
				ONLY_ACTIVE_ARCH = YES;
				SDKROOT = iphoneos;
				SWIFT_ACTIVE_COMPILATION_CONDITIONS = DEBUG;
				SWIFT_OPTIMIZATION_LEVEL = "-Onone";
			};
			name = Debug;
		};
		78864A2F2062E49800BDC7E7 /* Release */ = {
			isa = XCBuildConfiguration;
			buildSettings = {
				ALWAYS_SEARCH_USER_PATHS = NO;
				CLANG_ANALYZER_NONNULL = YES;
				CLANG_ANALYZER_NUMBER_OBJECT_CONVERSION = YES_AGGRESSIVE;
				CLANG_CXX_LANGUAGE_STANDARD = "gnu++14";
				CLANG_CXX_LIBRARY = "libc++";
				CLANG_ENABLE_MODULES = YES;
				CLANG_ENABLE_OBJC_ARC = YES;
				CLANG_WARN_BLOCK_CAPTURE_AUTORELEASING = YES;
				CLANG_WARN_BOOL_CONVERSION = YES;
				CLANG_WARN_COMMA = YES;
				CLANG_WARN_CONSTANT_CONVERSION = YES;
				CLANG_WARN_DIRECT_OBJC_ISA_USAGE = YES_ERROR;
				CLANG_WARN_DOCUMENTATION_COMMENTS = YES;
				CLANG_WARN_EMPTY_BODY = YES;
				CLANG_WARN_ENUM_CONVERSION = YES;
				CLANG_WARN_INFINITE_RECURSION = YES;
				CLANG_WARN_INT_CONVERSION = YES;
				CLANG_WARN_NON_LITERAL_NULL_CONVERSION = YES;
				CLANG_WARN_OBJC_LITERAL_CONVERSION = YES;
				CLANG_WARN_OBJC_ROOT_CLASS = YES_ERROR;
				CLANG_WARN_RANGE_LOOP_ANALYSIS = YES;
				CLANG_WARN_STRICT_PROTOTYPES = YES;
				CLANG_WARN_SUSPICIOUS_MOVE = YES;
				CLANG_WARN_UNGUARDED_AVAILABILITY = YES_AGGRESSIVE;
				CLANG_WARN_UNREACHABLE_CODE = YES;
				CLANG_WARN__DUPLICATE_METHOD_MATCH = YES;
				CODE_SIGN_IDENTITY = "iPhone Developer";
				COPY_PHASE_STRIP = NO;
				DEBUG_INFORMATION_FORMAT = "dwarf-with-dsym";
				ENABLE_NS_ASSERTIONS = NO;
				ENABLE_STRICT_OBJC_MSGSEND = YES;
				GCC_C_LANGUAGE_STANDARD = gnu11;
				GCC_NO_COMMON_BLOCKS = YES;
				GCC_WARN_64_TO_32_BIT_CONVERSION = YES;
				GCC_WARN_ABOUT_RETURN_TYPE = YES_ERROR;
				GCC_WARN_UNDECLARED_SELECTOR = YES;
				GCC_WARN_UNINITIALIZED_AUTOS = YES_AGGRESSIVE;
				GCC_WARN_UNUSED_FUNCTION = YES;
				GCC_WARN_UNUSED_VARIABLE = YES;
				IPHONEOS_DEPLOYMENT_TARGET = 11.2;
				MTL_ENABLE_DEBUG_INFO = NO;
				SDKROOT = iphoneos;
				SWIFT_OPTIMIZATION_LEVEL = "-Owholemodule";
				VALIDATE_PRODUCT = YES;
			};
			name = Release;
		};
		78864A312062E49800BDC7E7 /* Debug */ = {
			isa = XCBuildConfiguration;
			baseConfigurationReference = B3D2D7AF5B4D5C97865CF5C0 /* Pods-ParkStash Coding Challenge.debug.xcconfig */;
			buildSettings = {
				ASSETCATALOG_COMPILER_APPICON_NAME = AppIcon;
				CODE_SIGN_STYLE = Automatic;
				INFOPLIST_FILE = "ParkStash Coding Challenge/Info.plist";
				LD_RUNPATH_SEARCH_PATHS = "$(inherited) @executable_path/Frameworks";
				PRODUCT_BUNDLE_IDENTIFIER = "ssz.ParkStash-Coding-Challenge";
				PRODUCT_NAME = "$(TARGET_NAME)";
				SWIFT_VERSION = 4.0;
				TARGETED_DEVICE_FAMILY = "1,2";
			};
			name = Debug;
		};
		78864A322062E49800BDC7E7 /* Release */ = {
			isa = XCBuildConfiguration;
			baseConfigurationReference = 9E5DEBD3E43C76E145D12679 /* Pods-ParkStash Coding Challenge.release.xcconfig */;
			buildSettings = {
				ASSETCATALOG_COMPILER_APPICON_NAME = AppIcon;
				CODE_SIGN_STYLE = Automatic;
				INFOPLIST_FILE = "ParkStash Coding Challenge/Info.plist";
				LD_RUNPATH_SEARCH_PATHS = "$(inherited) @executable_path/Frameworks";
				PRODUCT_BUNDLE_IDENTIFIER = "ssz.ParkStash-Coding-Challenge";
				PRODUCT_NAME = "$(TARGET_NAME)";
				SWIFT_VERSION = 4.0;
				TARGETED_DEVICE_FAMILY = "1,2";
			};
			name = Release;
		};
/* End XCBuildConfiguration section */

/* Begin XCConfigurationList section */
		78864A192062E49800BDC7E7 /* Build configuration list for PBXProject "ParkStash Coding Challenge" */ = {
			isa = XCConfigurationList;
			buildConfigurations = (
				78864A2E2062E49800BDC7E7 /* Debug */,
				78864A2F2062E49800BDC7E7 /* Release */,
			);
			defaultConfigurationIsVisible = 0;
			defaultConfigurationName = Release;
		};
		78864A302062E49800BDC7E7 /* Build configuration list for PBXNativeTarget "ParkStash Coding Challenge" */ = {
			isa = XCConfigurationList;
			buildConfigurations = (
				78864A312062E49800BDC7E7 /* Debug */,
				78864A322062E49800BDC7E7 /* Release */,
			);
			defaultConfigurationIsVisible = 0;
			defaultConfigurationName = Release;
		};
/* End XCConfigurationList section */
	};
	rootObject = 78864A162062E49800BDC7E7 /* Project object */;
}
